
Microsoft Visual Studio Solution File, Format Version 12.00
# Visual Studio 2012
Project("{FAE04EC0-301F-11D3-BF4B-00C04F79EFBC}") = "WpfControls", "WpfControls\WpfControls.csproj", "{5125C705-B2D7-4737-9D4A-2518897C5980}"
EndProject
Project("{FAE04EC0-301F-11D3-BF4B-00C04F79EFBC}") = "WpfControlRunner", "WpfControlRunner\WpfControlRunner.csproj", "{DC4BBB2D-151E-41BE-9113-3B842B7E80C3}"
EndProject
Global
	GlobalSection(SolutionConfigurationPlatforms) = preSolution
		Debug|Any CPU = Debug|Any CPU
		Release|Any CPU = Release|Any CPU
	EndGlobalSection
	GlobalSection(ProjectConfigurationPlatforms) = postSolution
		{5125C705-B2D7-4737-9D4A-2518897C5980}.Debug|Any CPU.ActiveCfg = Debug|Any CPU
		{5125C705-B2D7-4737-9D4A-2518897C5980}.Debug|Any CPU.Build.0 = Debug|Any CPU
		{5125C705-B2D7-4737-9D4A-2518897C5980}.Release|Any CPU.ActiveCfg = Release|Any CPU
		{5125C705-B2D7-4737-9D4A-2518897C5980}.Release|Any CPU.Build.0 = Release|Any CPU
		{DC4BBB2D-151E-41BE-9113-3B842B7E80C3}.Debug|Any CPU.ActiveCfg = Debug|Any CPU
		{DC4BBB2D-151E-41BE-9113-3B842B7E80C3}.Debug|Any CPU.Build.0 = Debug|Any CPU
		{DC4BBB2D-151E-41BE-9113-3B842B7E80C3}.Release|Any CPU.ActiveCfg = Release|Any CPU
		{DC4BBB2D-151E-41BE-9113-3B842B7E80C3}.Release|Any CPU.Build.0 = Release|Any CPU
	EndGlobalSection
	GlobalSection(SolutionProperties) = preSolution
		HideSolutionNode = FALSE
	EndGlobalSection
EndGlobal
